{
  "version": "1.0.0",
  "lockfileVersion": 1,
  "packages": {
    "@agent-relay/agent-relay-snippet#claude:CLAUDE.md": {
      "version": "1.1.6",
      "resolved": "https://registry.prpm.dev/api/v1/packages/%40agent-relay%2Fagent-relay-snippet/1.1.6.tar.gz",
      "integrity": "sha256-40ebe6488ca460812e23cd101f839a55379fa006a328cecc8b1a083e3a91a13e",
      "format": "claude",
      "subtype": "snippet",
      "sourceFormat": "generic",
      "sourceSubtype": "snippet",
      "installedPath": "CLAUDE.md",
      "snippetMetadata": {
        "targetPath": "CLAUDE.md",
        "config": {
          "target": "CLAUDE.md",
          "position": "append"
        }
      }
    },
    "@agent-relay/agent-relay-snippet#claude.md:GEMINI.md": {
      "version": "1.1.6",
      "resolved": "https://registry.prpm.dev/api/v1/packages/%40agent-relay%2Fagent-relay-snippet/1.1.6.tar.gz",
      "integrity": "sha256-40ebe6488ca460812e23cd101f839a55379fa006a328cecc8b1a083e3a91a13e",
      "format": "claude.md",
      "subtype": "snippet",
      "sourceFormat": "generic",
      "sourceSubtype": "snippet",
      "installedPath": "GEMINI.md",
      "snippetMetadata": {
        "targetPath": "GEMINI.md",
        "config": {
          "target": "GEMINI.md",
          "position": "append"
        }
      }
    },
    "@agent-relay/agent-relay-snippet#gemini.md:AGENTS.md": {
      "version": "1.1.7",
      "resolved": "https://registry.prpm.dev/api/v1/packages/%40agent-relay%2Fagent-relay-snippet/1.1.7.tar.gz",
      "integrity": "sha256-7ef5aaea90ecd65540c9c963cb87a058ea998df29104f53484d36cce8cc0e854",
      "format": "gemini.md",
      "subtype": "snippet",
      "sourceFormat": "generic",
      "sourceSubtype": "snippet",
      "installedPath": "AGENTS.md",
      "snippetMetadata": {
        "targetPath": "AGENTS.md",
        "config": {
          "target": "AGENTS.md",
          "position": "append"
        }
      }
    },
    "@agent-workforce/trail-snippet#agents.md:AGENTS.md": {
      "version": "1.1.0",
      "resolved": "https://registry.prpm.dev/api/v1/packages/%40agent-workforce%2Ftrail-snippet/1.1.0.tar.gz",
      "integrity": "sha256-8d8824b5236660e18c780b3574ee756737401d9a77e843411cdd509ceb9e0668",
      "format": "agents.md",
      "subtype": "snippet",
      "sourceFormat": "generic",
      "sourceSubtype": "snippet",
      "installedPath": "AGENTS.md",
      "snippetMetadata": {
        "targetPath": "AGENTS.md",
        "config": {
          "target": "AGENTS.md",
          "position": "append"
        }
      }
    },
    "@agent-relay/agent-relay-snippet#agents.md:AGENTS.md": {
      "version": "1.1.7",
      "resolved": "https://registry.prpm.dev/api/v1/packages/%40agent-relay%2Fagent-relay-snippet/1.1.7.tar.gz",
      "integrity": "sha256-7ef5aaea90ecd65540c9c963cb87a058ea998df29104f53484d36cce8cc0e854",
      "format": "agents.md",
      "subtype": "snippet",
      "sourceFormat": "generic",
      "sourceSubtype": "snippet",
      "installedPath": "AGENTS.md",
      "snippetMetadata": {
        "targetPath": "AGENTS.md",
        "config": {
          "target": "AGENTS.md",
          "position": "append"
        }
      }
    },
    "@agent-relay/using-agent-relay#claude": {
      "version": "1.2.0",
      "resolved": "https://registry.prpm.dev/api/v1/packages/%40agent-relay%2Fusing-agent-relay/1.2.0.tar.gz",
      "integrity": "sha256-bb68bcd7bf1af535b9e435033ba7e8efccc29210aad53111a0f84838a95667f8",
      "format": "claude",
      "subtype": "skill",
      "sourceFormat": "claude",
      "sourceSubtype": "skill",
      "installedPath": ".claude/skills/using-agent-relay/SKILL.md"
    },
    "@agent-relay/lead-agent#claude": {
      "version": "1.0.0",
      "resolved": "https://registry.prpm.dev/api/v1/packages/%40agent-relay%2Flead-agent/1.0.0.tar.gz",
      "integrity": "sha256-20522cef887c0bf7ef5f9bc4caec4bea016e2efb8d6d17c69cef6a18fde098f5",
      "format": "claude",
      "subtype": "agent",
      "sourceFormat": "claude",
      "sourceSubtype": "agent",
      "installedPath": ".claude/agents/lead-agent.md"
    },
    "@prpm/creating-skills-skill#claude": {
      "version": "1.0.4",
      "resolved": "https://registry.prpm.dev/api/v1/packages/%40prpm%2Fcreating-skills-skill/1.0.4.tar.gz",
      "integrity": "sha256-845d12bda6e5b37ed3177e2a867f57319327704b2206d58643d8e06cecb64241",
      "format": "claude",
      "subtype": "skill",
      "sourceFormat": "claude",
      "sourceSubtype": "skill",
      "installedPath": ".claude/skills/creating-skills-skill/SKILL.md"
    },
    "@prpm/prpm-json-best-practices-skill#claude": {
      "version": "1.2.0",
      "resolved": "https://registry.prpm.dev/api/v1/packages/%40prpm%2Fprpm-json-best-practices-skill/1.2.0.tar.gz",
      "integrity": "sha256-13f5c9204ef0db4cd37ef2339fa9cc5743de993c73244230760e73612476d826",
      "format": "claude",
      "subtype": "skill",
      "sourceFormat": "claude",
      "sourceSubtype": "skill",
      "installedPath": ".claude/skills/prpm-json-best-practices-skill"
    },
    "@agent-relay/agent-relay-snippet#claude:AGENTS.md": {
      "version": "1.1.7",
      "resolved": "https://registry.prpm.dev/api/v1/packages/%40agent-relay%2Fagent-relay-snippet/1.1.7.tar.gz",
      "integrity": "sha256-7ef5aaea90ecd65540c9c963cb87a058ea998df29104f53484d36cce8cc0e854",
      "format": "claude",
      "subtype": "snippet",
      "sourceFormat": "generic",
      "sourceSubtype": "snippet",
      "installedPath": "AGENTS.md",
      "snippetMetadata": {
        "targetPath": "AGENTS.md",
        "config": {
          "target": "AGENTS.md",
          "position": "append"
        }
      }
    },
    "@agent-relay/agent-relay-snippet#claude.md:AGENTS.md": {
      "version": "1.1.7",
      "resolved": "https://registry.prpm.dev/api/v1/packages/%40agent-relay%2Fagent-relay-snippet/1.1.7.tar.gz",
      "integrity": "sha256-7ef5aaea90ecd65540c9c963cb87a058ea998df29104f53484d36cce8cc0e854",
      "format": "claude.md",
      "subtype": "snippet",
      "sourceFormat": "generic",
      "sourceSubtype": "snippet",
      "installedPath": "AGENTS.md",
      "snippetMetadata": {
        "targetPath": "AGENTS.md",
        "config": {
          "target": "AGENTS.md",
          "position": "append"
        }
      }
    }
  },
  "generated": "2026-03-26T09:10:12.069Z"
}